
Microsoft Visual Studio Solution File, Format Version 12.00
# Visual Studio 2013
VisualStudioVersion = 12.0.30501.0
MinimumVisualStudioVersion = 10.0.40219.1
Project("{8BC9CEB8-8B4A-11D0-8D11-00A0C91BC942}") = "17. Letter Combinations of a Phone Number", "17. Letter Combinations of a Phone Number.vcxproj", "{E943FB86-A519-4517-A5BC-C2E2D2BDE068}"
EndProject
Global
	GlobalSection(SolutionConfigurationPlatforms) = preSolution
		Debug|Win32 = Debug|Win32
		Release|Win32 = Release|Win32
	EndGlobalSection
	GlobalSection(ProjectConfigurationPlatforms) = postSolution
		{E943FB86-A519-4517-A5BC-C2E2D2BDE068}.Debug|Win32.ActiveCfg = Debug|Win32
		{E943FB86-A519-4517-A5BC-C2E2D2BDE068}.Debug|Win32.Build.0 = Debug|Win32
		{E943FB86-A519-4517-A5BC-C2E2D2BDE068}.Release|Win32.ActiveCfg = Release|Win32
		{E943FB86-A519-4517-A5BC-C2E2D2BDE068}.Release|Win32.Build.0 = Release|Win32
	EndGlobalSection
	GlobalSection(SolutionProperties) = preSolution
		HideSolutionNode = FALSE
	EndGlobalSection
EndGlobal
