
Microsoft Visual Studio Solution File, Format Version 12.00
# Visual Studio 2013
VisualStudioVersion = 12.0.30501.0
MinimumVisualStudioVersion = 10.0.40219.1
Project("{8BC9CEB8-8B4A-11D0-8D11-00A0C91BC942}") = "1", "..\1\1.vcxproj", "{1BD4A517-7798-43AA-A36C-964D7476B9C6}"
EndProject
Project("{8BC9CEB8-8B4A-11D0-8D11-00A0C91BC942}") = "2", "2\2.vcxproj", "{48AFC893-6D71-4C15-A58A-725B5E4E9B9A}"
EndProject
Project("{8BC9CEB8-8B4A-11D0-8D11-00A0C91BC942}") = "4", "4\4.vcxproj", "{6644C89B-96DB-4BAE-BCA2-5D9813C05FCE}"
EndProject
Project("{8BC9CEB8-8B4A-11D0-8D11-00A0C91BC942}") = "5", "5\5.vcxproj", "{35CAC616-32F9-46F1-A560-A69BB2F44118}"
EndProject
Project("{8BC9CEB8-8B4A-11D0-8D11-00A0C91BC942}") = "125", "125\125.vcxproj", "{F0529E18-24D2-4391-AB30-6C165D58073D}"
EndProject
Project("{8BC9CEB8-8B4A-11D0-8D11-00A0C91BC942}") = "28", "28\28.vcxproj", "{006DA5B0-F1A8-45A2-BD68-F4940EFEA8B4}"
EndProject
Project("{8BC9CEB8-8B4A-11D0-8D11-00A0C91BC942}") = "151", "151\151.vcxproj", "{804F05C4-C793-49E2-870A-7E8E8E52263E}"
EndProject
Project("{8BC9CEB8-8B4A-11D0-8D11-00A0C91BC942}") = "8", "8\8.vcxproj", "{C9195B47-1718-4ADB-AA67-EBD201EBD4E2}"
EndProject
Project("{8BC9CEB8-8B4A-11D0-8D11-00A0C91BC942}") = "06ZigZagConversion", "06ZigZagConversion\06ZigZagConversion.vcxproj", "{ACE4BC1D-993D-4C72-957C-B8275170B20E}"
EndProject
Project("{8BC9CEB8-8B4A-11D0-8D11-00A0C91BC942}") = "7. Reverse Integer", "7. Reverse Integer\7. Reverse Integer.vcxproj", "{5B5CCD6E-DB65-46F7-A556-B10EBAFF9412}"
EndProject
Project("{8BC9CEB8-8B4A-11D0-8D11-00A0C91BC942}") = "10. Regular Expression Matching", "10. Regular Expression Matching\10. Regular Expression Matching.vcxproj", "{F4BA27D3-289A-47CD-ADE6-2498DD0BD493}"
EndProject
Project("{8BC9CEB8-8B4A-11D0-8D11-00A0C91BC942}") = "44. Wildcard Matching", "44. Wildcard Matching\44. Wildcard Matching.vcxproj", "{5D1C1568-DEEA-4C90-A8FB-C66C7BD378B3}"
EndProject
Project("{8BC9CEB8-8B4A-11D0-8D11-00A0C91BC942}") = "26. Remove Duplicates from Sorted Array", "26. Remove Duplicates from Sorted Array\26. Remove Duplicates from Sorted Array.vcxproj", "{C7CBA7D8-383D-4F3C-B4A9-DBD7F2BAA711}"
EndProject
Project("{8BC9CEB8-8B4A-11D0-8D11-00A0C91BC942}") = "33. Search in Rotated Sorted Array", "33. Search in Rotated Sorted Array\33. Search in Rotated Sorted Array.vcxproj", "{E58E0990-D1C5-432C-A29B-C78CE8D86E35}"
EndProject
Project("{8BC9CEB8-8B4A-11D0-8D11-00A0C91BC942}") = "81. Search in Rotated Sorted Array II", "81. Search in Rotated Sorted Array II\81. Search in Rotated Sorted Array II.vcxproj", "{3FFC3F8E-DCAD-4C01-BDFA-B17435BB572A}"
EndProject
Project("{8BC9CEB8-8B4A-11D0-8D11-00A0C91BC942}") = "104. Maximum Depth of Binary Tree", "104. Maximum Depth of Binary Tree\104. Maximum Depth of Binary Tree.vcxproj", "{4291FD0E-A408-4944-B25B-C39780506EC0}"
EndProject
Project("{8BC9CEB8-8B4A-11D0-8D11-00A0C91BC942}") = "18. 4Sum", "18. 4Sum\18. 4Sum.vcxproj", "{96546E3D-54BA-4BF9-99F1-F6B75CE4D441}"
EndProject
Project("{8BC9CEB8-8B4A-11D0-8D11-00A0C91BC942}") = "27. Remove Element", "27. Remove Element\27. Remove Element.vcxproj", "{83139D71-D359-411E-895F-95074810E2D7}"
EndProject
Project("{8BC9CEB8-8B4A-11D0-8D11-00A0C91BC942}") = "31. Next Permutation", "31. Next Permutation\31. Next Permutation.vcxproj", "{FCF96D50-041C-4CDF-A549-F256268F0236}"
EndProject
Project("{8BC9CEB8-8B4A-11D0-8D11-00A0C91BC942}") = "60. Permutation Sequence", "60. Permutation Sequence\60. Permutation Sequence.vcxproj", "{5E9A1F72-7D92-4C41-8EA9-AD19B0620DA1}"
EndProject
Project("{8BC9CEB8-8B4A-11D0-8D11-00A0C91BC942}") = "36. Valid Sudoku", "36. Valid Sudoku\36. Valid Sudoku.vcxproj", "{BD8FD480-D75F-4951-9997-16C83AA87E8D}"
EndProject
Project("{8BC9CEB8-8B4A-11D0-8D11-00A0C91BC942}") = "42. Trapping Rain Water", "42. Trapping Rain Water\42. Trapping Rain Water.vcxproj", "{624DEC2C-BA4A-4A1F-A712-FA0BC4B60B3F}"
EndProject
Project("{8BC9CEB8-8B4A-11D0-8D11-00A0C91BC942}") = "48. Rotate Image", "48. Rotate Image\48. Rotate Image.vcxproj", "{DAF90800-5F0F-4035-A53B-DABCDCBC67E1}"
EndProject
Project("{8BC9CEB8-8B4A-11D0-8D11-00A0C91BC942}") = "66. Plus One", "66. Plus One\66. Plus One.vcxproj", "{E9DDCE35-B3DA-40B3-92F9-39BFD689EE2E}"
EndProject
Project("{8BC9CEB8-8B4A-11D0-8D11-00A0C91BC942}") = "70. Climbing Stairs", "70. Climbing Stairs\70. Climbing Stairs.vcxproj", "{73B295A0-1812-4409-B566-1801709C3CA0}"
EndProject
Project("{8BC9CEB8-8B4A-11D0-8D11-00A0C91BC942}") = "89. Gray Code", "89. Gray Code\89. Gray Code.vcxproj", "{9B29BC2D-FEF5-4E9E-A045-FBA5E820EA99}"
EndProject
Project("{8BC9CEB8-8B4A-11D0-8D11-00A0C91BC942}") = "73. Set Matrix Zeroes", "73. Set Matrix Zeroes\73. Set Matrix Zeroes.vcxproj", "{196FC19A-FD1F-4EE9-8097-D492351A4A16}"
EndProject
Project("{8BC9CEB8-8B4A-11D0-8D11-00A0C91BC942}") = "134. Gas Station", "134. Gas Station\134. Gas Station.vcxproj", "{F44953D7-8618-419C-A6F4-D2C72A407DB3}"
EndProject
Project("{8BC9CEB8-8B4A-11D0-8D11-00A0C91BC942}") = "135. Candy", "135. Candy\135. Candy.vcxproj", "{49B49332-5343-41A4-96EF-BBAEE9DC5245}"
EndProject
Project("{8BC9CEB8-8B4A-11D0-8D11-00A0C91BC942}") = "136. Single Number", "136. Single Number\136. Single Number.vcxproj", "{B6078E9A-53AB-4846-83AF-6E92FA9A1F92}"
EndProject
Project("{8BC9CEB8-8B4A-11D0-8D11-00A0C91BC942}") = "137. Single Number II", "137. Single Number II\137. Single Number II.vcxproj", "{F9438526-570C-4451-BFFB-77B65E9C8079}"
EndProject
Global
	GlobalSection(SolutionConfigurationPlatforms) = preSolution
		Debug|Win32 = Debug|Win32
		Release|Win32 = Release|Win32
	EndGlobalSection
	GlobalSection(ProjectConfigurationPlatforms) = postSolution
		{1BD4A517-7798-43AA-A36C-964D7476B9C6}.Debug|Win32.ActiveCfg = Debug|Win32
		{1BD4A517-7798-43AA-A36C-964D7476B9C6}.Debug|Win32.Build.0 = Debug|Win32
		{1BD4A517-7798-43AA-A36C-964D7476B9C6}.Release|Win32.ActiveCfg = Release|Win32
		{1BD4A517-7798-43AA-A36C-964D7476B9C6}.Release|Win32.Build.0 = Release|Win32
		{48AFC893-6D71-4C15-A58A-725B5E4E9B9A}.Debug|Win32.ActiveCfg = Debug|Win32
		{48AFC893-6D71-4C15-A58A-725B5E4E9B9A}.Debug|Win32.Build.0 = Debug|Win32
		{48AFC893-6D71-4C15-A58A-725B5E4E9B9A}.Release|Win32.ActiveCfg = Release|Win32
		{48AFC893-6D71-4C15-A58A-725B5E4E9B9A}.Release|Win32.Build.0 = Release|Win32
		{6644C89B-96DB-4BAE-BCA2-5D9813C05FCE}.Debug|Win32.ActiveCfg = Debug|Win32
		{6644C89B-96DB-4BAE-BCA2-5D9813C05FCE}.Debug|Win32.Build.0 = Debug|Win32
		{6644C89B-96DB-4BAE-BCA2-5D9813C05FCE}.Release|Win32.ActiveCfg = Release|Win32
		{6644C89B-96DB-4BAE-BCA2-5D9813C05FCE}.Release|Win32.Build.0 = Release|Win32
		{35CAC616-32F9-46F1-A560-A69BB2F44118}.Debug|Win32.ActiveCfg = Debug|Win32
		{35CAC616-32F9-46F1-A560-A69BB2F44118}.Debug|Win32.Build.0 = Debug|Win32
		{35CAC616-32F9-46F1-A560-A69BB2F44118}.Release|Win32.ActiveCfg = Release|Win32
		{35CAC616-32F9-46F1-A560-A69BB2F44118}.Release|Win32.Build.0 = Release|Win32
		{F0529E18-24D2-4391-AB30-6C165D58073D}.Debug|Win32.ActiveCfg = Debug|Win32
		{F0529E18-24D2-4391-AB30-6C165D58073D}.Debug|Win32.Build.0 = Debug|Win32
		{F0529E18-24D2-4391-AB30-6C165D58073D}.Release|Win32.ActiveCfg = Release|Win32
		{F0529E18-24D2-4391-AB30-6C165D58073D}.Release|Win32.Build.0 = Release|Win32
		{006DA5B0-F1A8-45A2-BD68-F4940EFEA8B4}.Debug|Win32.ActiveCfg = Debug|Win32
		{006DA5B0-F1A8-45A2-BD68-F4940EFEA8B4}.Debug|Win32.Build.0 = Debug|Win32
		{006DA5B0-F1A8-45A2-BD68-F4940EFEA8B4}.Release|Win32.ActiveCfg = Release|Win32
		{006DA5B0-F1A8-45A2-BD68-F4940EFEA8B4}.Release|Win32.Build.0 = Release|Win32
		{804F05C4-C793-49E2-870A-7E8E8E52263E}.Debug|Win32.ActiveCfg = Debug|Win32
		{804F05C4-C793-49E2-870A-7E8E8E52263E}.Debug|Win32.Build.0 = Debug|Win32
		{804F05C4-C793-49E2-870A-7E8E8E52263E}.Release|Win32.ActiveCfg = Release|Win32
		{804F05C4-C793-49E2-870A-7E8E8E52263E}.Release|Win32.Build.0 = Release|Win32
		{C9195B47-1718-4ADB-AA67-EBD201EBD4E2}.Debug|Win32.ActiveCfg = Debug|Win32
		{C9195B47-1718-4ADB-AA67-EBD201EBD4E2}.Debug|Win32.Build.0 = Debug|Win32
		{C9195B47-1718-4ADB-AA67-EBD201EBD4E2}.Release|Win32.ActiveCfg = Release|Win32
		{C9195B47-1718-4ADB-AA67-EBD201EBD4E2}.Release|Win32.Build.0 = Release|Win32
		{ACE4BC1D-993D-4C72-957C-B8275170B20E}.Debug|Win32.ActiveCfg = Debug|Win32
		{ACE4BC1D-993D-4C72-957C-B8275170B20E}.Debug|Win32.Build.0 = Debug|Win32
		{ACE4BC1D-993D-4C72-957C-B8275170B20E}.Release|Win32.ActiveCfg = Release|Win32
		{ACE4BC1D-993D-4C72-957C-B8275170B20E}.Release|Win32.Build.0 = Release|Win32
		{5B5CCD6E-DB65-46F7-A556-B10EBAFF9412}.Debug|Win32.ActiveCfg = Debug|Win32
		{5B5CCD6E-DB65-46F7-A556-B10EBAFF9412}.Debug|Win32.Build.0 = Debug|Win32
		{5B5CCD6E-DB65-46F7-A556-B10EBAFF9412}.Release|Win32.ActiveCfg = Release|Win32
		{5B5CCD6E-DB65-46F7-A556-B10EBAFF9412}.Release|Win32.Build.0 = Release|Win32
		{F4BA27D3-289A-47CD-ADE6-2498DD0BD493}.Debug|Win32.ActiveCfg = Debug|Win32
		{F4BA27D3-289A-47CD-ADE6-2498DD0BD493}.Debug|Win32.Build.0 = Debug|Win32
		{F4BA27D3-289A-47CD-ADE6-2498DD0BD493}.Release|Win32.ActiveCfg = Release|Win32
		{F4BA27D3-289A-47CD-ADE6-2498DD0BD493}.Release|Win32.Build.0 = Release|Win32
		{5D1C1568-DEEA-4C90-A8FB-C66C7BD378B3}.Debug|Win32.ActiveCfg = Debug|Win32
		{5D1C1568-DEEA-4C90-A8FB-C66C7BD378B3}.Debug|Win32.Build.0 = Debug|Win32
		{5D1C1568-DEEA-4C90-A8FB-C66C7BD378B3}.Release|Win32.ActiveCfg = Release|Win32
		{5D1C1568-DEEA-4C90-A8FB-C66C7BD378B3}.Release|Win32.Build.0 = Release|Win32
		{C7CBA7D8-383D-4F3C-B4A9-DBD7F2BAA711}.Debug|Win32.ActiveCfg = Debug|Win32
		{C7CBA7D8-383D-4F3C-B4A9-DBD7F2BAA711}.Debug|Win32.Build.0 = Debug|Win32
		{C7CBA7D8-383D-4F3C-B4A9-DBD7F2BAA711}.Release|Win32.ActiveCfg = Release|Win32
		{C7CBA7D8-383D-4F3C-B4A9-DBD7F2BAA711}.Release|Win32.Build.0 = Release|Win32
		{E58E0990-D1C5-432C-A29B-C78CE8D86E35}.Debug|Win32.ActiveCfg = Debug|Win32
		{E58E0990-D1C5-432C-A29B-C78CE8D86E35}.Debug|Win32.Build.0 = Debug|Win32
		{E58E0990-D1C5-432C-A29B-C78CE8D86E35}.Release|Win32.ActiveCfg = Release|Win32
		{E58E0990-D1C5-432C-A29B-C78CE8D86E35}.Release|Win32.Build.0 = Release|Win32
		{3FFC3F8E-DCAD-4C01-BDFA-B17435BB572A}.Debug|Win32.ActiveCfg = Debug|Win32
		{3FFC3F8E-DCAD-4C01-BDFA-B17435BB572A}.Debug|Win32.Build.0 = Debug|Win32
		{3FFC3F8E-DCAD-4C01-BDFA-B17435BB572A}.Release|Win32.ActiveCfg = Release|Win32
		{3FFC3F8E-DCAD-4C01-BDFA-B17435BB572A}.Release|Win32.Build.0 = Release|Win32
		{4291FD0E-A408-4944-B25B-C39780506EC0}.Debug|Win32.ActiveCfg = Debug|Win32
		{4291FD0E-A408-4944-B25B-C39780506EC0}.Debug|Win32.Build.0 = Debug|Win32
		{4291FD0E-A408-4944-B25B-C39780506EC0}.Release|Win32.ActiveCfg = Release|Win32
		{4291FD0E-A408-4944-B25B-C39780506EC0}.Release|Win32.Build.0 = Release|Win32
		{96546E3D-54BA-4BF9-99F1-F6B75CE4D441}.Debug|Win32.ActiveCfg = Debug|Win32
		{96546E3D-54BA-4BF9-99F1-F6B75CE4D441}.Debug|Win32.Build.0 = Debug|Win32
		{96546E3D-54BA-4BF9-99F1-F6B75CE4D441}.Release|Win32.ActiveCfg = Release|Win32
		{96546E3D-54BA-4BF9-99F1-F6B75CE4D441}.Release|Win32.Build.0 = Release|Win32
		{83139D71-D359-411E-895F-95074810E2D7}.Debug|Win32.ActiveCfg = Debug|Win32
		{83139D71-D359-411E-895F-95074810E2D7}.Debug|Win32.Build.0 = Debug|Win32
		{83139D71-D359-411E-895F-95074810E2D7}.Release|Win32.ActiveCfg = Release|Win32
		{83139D71-D359-411E-895F-95074810E2D7}.Release|Win32.Build.0 = Release|Win32
		{FCF96D50-041C-4CDF-A549-F256268F0236}.Debug|Win32.ActiveCfg = Debug|Win32
		{FCF96D50-041C-4CDF-A549-F256268F0236}.Debug|Win32.Build.0 = Debug|Win32
		{FCF96D50-041C-4CDF-A549-F256268F0236}.Release|Win32.ActiveCfg = Release|Win32
		{FCF96D50-041C-4CDF-A549-F256268F0236}.Release|Win32.Build.0 = Release|Win32
		{5E9A1F72-7D92-4C41-8EA9-AD19B0620DA1}.Debug|Win32.ActiveCfg = Debug|Win32
		{5E9A1F72-7D92-4C41-8EA9-AD19B0620DA1}.Debug|Win32.Build.0 = Debug|Win32
		{5E9A1F72-7D92-4C41-8EA9-AD19B0620DA1}.Release|Win32.ActiveCfg = Release|Win32
		{5E9A1F72-7D92-4C41-8EA9-AD19B0620DA1}.Release|Win32.Build.0 = Release|Win32
		{BD8FD480-D75F-4951-9997-16C83AA87E8D}.Debug|Win32.ActiveCfg = Debug|Win32
		{BD8FD480-D75F-4951-9997-16C83AA87E8D}.Debug|Win32.Build.0 = Debug|Win32
		{BD8FD480-D75F-4951-9997-16C83AA87E8D}.Release|Win32.ActiveCfg = Release|Win32
		{BD8FD480-D75F-4951-9997-16C83AA87E8D}.Release|Win32.Build.0 = Release|Win32
		{624DEC2C-BA4A-4A1F-A712-FA0BC4B60B3F}.Debug|Win32.ActiveCfg = Debug|Win32
		{624DEC2C-BA4A-4A1F-A712-FA0BC4B60B3F}.Debug|Win32.Build.0 = Debug|Win32
		{624DEC2C-BA4A-4A1F-A712-FA0BC4B60B3F}.Release|Win32.ActiveCfg = Release|Win32
		{624DEC2C-BA4A-4A1F-A712-FA0BC4B60B3F}.Release|Win32.Build.0 = Release|Win32
		{DAF90800-5F0F-4035-A53B-DABCDCBC67E1}.Debug|Win32.ActiveCfg = Debug|Win32
		{DAF90800-5F0F-4035-A53B-DABCDCBC67E1}.Debug|Win32.Build.0 = Debug|Win32
		{DAF90800-5F0F-4035-A53B-DABCDCBC67E1}.Release|Win32.ActiveCfg = Release|Win32
		{DAF90800-5F0F-4035-A53B-DABCDCBC67E1}.Release|Win32.Build.0 = Release|Win32
		{E9DDCE35-B3DA-40B3-92F9-39BFD689EE2E}.Debug|Win32.ActiveCfg = Debug|Win32
		{E9DDCE35-B3DA-40B3-92F9-39BFD689EE2E}.Debug|Win32.Build.0 = Debug|Win32
		{E9DDCE35-B3DA-40B3-92F9-39BFD689EE2E}.Release|Win32.ActiveCfg = Release|Win32
		{E9DDCE35-B3DA-40B3-92F9-39BFD689EE2E}.Release|Win32.Build.0 = Release|Win32
		{73B295A0-1812-4409-B566-1801709C3CA0}.Debug|Win32.ActiveCfg = Debug|Win32
		{73B295A0-1812-4409-B566-1801709C3CA0}.Debug|Win32.Build.0 = Debug|Win32
		{73B295A0-1812-4409-B566-1801709C3CA0}.Release|Win32.ActiveCfg = Release|Win32
		{73B295A0-1812-4409-B566-1801709C3CA0}.Release|Win32.Build.0 = Release|Win32
		{9B29BC2D-FEF5-4E9E-A045-FBA5E820EA99}.Debug|Win32.ActiveCfg = Debug|Win32
		{9B29BC2D-FEF5-4E9E-A045-FBA5E820EA99}.Debug|Win32.Build.0 = Debug|Win32
		{9B29BC2D-FEF5-4E9E-A045-FBA5E820EA99}.Release|Win32.ActiveCfg = Release|Win32
		{9B29BC2D-FEF5-4E9E-A045-FBA5E820EA99}.Release|Win32.Build.0 = Release|Win32
		{196FC19A-FD1F-4EE9-8097-D492351A4A16}.Debug|Win32.ActiveCfg = Debug|Win32
		{196FC19A-FD1F-4EE9-8097-D492351A4A16}.Debug|Win32.Build.0 = Debug|Win32
		{196FC19A-FD1F-4EE9-8097-D492351A4A16}.Release|Win32.ActiveCfg = Release|Win32
		{196FC19A-FD1F-4EE9-8097-D492351A4A16}.Release|Win32.Build.0 = Release|Win32
		{F44953D7-8618-419C-A6F4-D2C72A407DB3}.Debug|Win32.ActiveCfg = Debug|Win32
		{F44953D7-8618-419C-A6F4-D2C72A407DB3}.Debug|Win32.Build.0 = Debug|Win32
		{F44953D7-8618-419C-A6F4-D2C72A407DB3}.Release|Win32.ActiveCfg = Release|Win32
		{F44953D7-8618-419C-A6F4-D2C72A407DB3}.Release|Win32.Build.0 = Release|Win32
		{49B49332-5343-41A4-96EF-BBAEE9DC5245}.Debug|Win32.ActiveCfg = Debug|Win32
		{49B49332-5343-41A4-96EF-BBAEE9DC5245}.Debug|Win32.Build.0 = Debug|Win32
		{49B49332-5343-41A4-96EF-BBAEE9DC5245}.Release|Win32.ActiveCfg = Release|Win32
		{49B49332-5343-41A4-96EF-BBAEE9DC5245}.Release|Win32.Build.0 = Release|Win32
		{B6078E9A-53AB-4846-83AF-6E92FA9A1F92}.Debug|Win32.ActiveCfg = Debug|Win32
		{B6078E9A-53AB-4846-83AF-6E92FA9A1F92}.Debug|Win32.Build.0 = Debug|Win32
		{B6078E9A-53AB-4846-83AF-6E92FA9A1F92}.Release|Win32.ActiveCfg = Release|Win32
		{B6078E9A-53AB-4846-83AF-6E92FA9A1F92}.Release|Win32.Build.0 = Release|Win32
		{F9438526-570C-4451-BFFB-77B65E9C8079}.Debug|Win32.ActiveCfg = Debug|Win32
		{F9438526-570C-4451-BFFB-77B65E9C8079}.Debug|Win32.Build.0 = Debug|Win32
		{F9438526-570C-4451-BFFB-77B65E9C8079}.Release|Win32.ActiveCfg = Release|Win32
		{F9438526-570C-4451-BFFB-77B65E9C8079}.Release|Win32.Build.0 = Release|Win32
	EndGlobalSection
	GlobalSection(SolutionProperties) = preSolution
		HideSolutionNode = FALSE
	EndGlobalSection
EndGlobal
