
Microsoft Visual Studio Solution File, Format Version 12.00
# Visual Studio 2013
VisualStudioVersion = 12.0.30501.0
MinimumVisualStudioVersion = 10.0.40219.1
Project("{8BC9CEB8-8B4A-11D0-8D11-00A0C91BC942}") = "47. Permutations II", "47. Permutations II.vcxproj", "{4EB57D4A-69C7-4CD1-BE61-AAA57BD5EBA9}"
EndProject
Global
	GlobalSection(SolutionConfigurationPlatforms) = preSolution
		Debug|Win32 = Debug|Win32
		Release|Win32 = Release|Win32
	EndGlobalSection
	GlobalSection(ProjectConfigurationPlatforms) = postSolution
		{4EB57D4A-69C7-4CD1-BE61-AAA57BD5EBA9}.Debug|Win32.ActiveCfg = Debug|Win32
		{4EB57D4A-69C7-4CD1-BE61-AAA57BD5EBA9}.Debug|Win32.Build.0 = Debug|Win32
		{4EB57D4A-69C7-4CD1-BE61-AAA57BD5EBA9}.Release|Win32.ActiveCfg = Release|Win32
		{4EB57D4A-69C7-4CD1-BE61-AAA57BD5EBA9}.Release|Win32.Build.0 = Release|Win32
	EndGlobalSection
	GlobalSection(SolutionProperties) = preSolution
		HideSolutionNode = FALSE
	EndGlobalSection
EndGlobal
