
Microsoft Visual Studio Solution File, Format Version 12.00
# Visual Studio 2013
VisualStudioVersion = 12.0.30501.0
MinimumVisualStudioVersion = 10.0.40219.1
Project("{8BC9CEB8-8B4A-11D0-8D11-00A0C91BC942}") = "125. Valid Palindrome", "125. Valid Palindrome\125. Valid Palindrome.vcxproj", "{F9D8674F-7341-4A5E-B312-066F4BB4CC70}"
EndProject
Project("{8BC9CEB8-8B4A-11D0-8D11-00A0C91BC942}") = "28. Implement strStr()", "28. Implement strStr()\28. Implement strStr().vcxproj", "{B1C2CCB6-8A9A-4591-A67F-7C75A0EEAA97}"
EndProject
Project("{8BC9CEB8-8B4A-11D0-8D11-00A0C91BC942}") = "8. String to Integer (atoi)", "8. String to Integer (atoi)\8. String to Integer (atoi).vcxproj", "{03617FC2-8812-4EF4-8170-CCD4AD4038B0}"
EndProject
Project("{8BC9CEB8-8B4A-11D0-8D11-00A0C91BC942}") = "67. Add Binary", "67. Add Binary\67. Add Binary.vcxproj", "{F53D8AFC-E219-4F6E-84B1-206FEC997830}"
EndProject
Project("{8BC9CEB8-8B4A-11D0-8D11-00A0C91BC942}") = "5. Longest Palindromic Substring", "5. Longest Palindromic Substring\5. Longest Palindromic Substring.vcxproj", "{5640C00D-FBEF-4588-AEA6-602F989CAC86}"
EndProject
Project("{8BC9CEB8-8B4A-11D0-8D11-00A0C91BC942}") = "10. Regular Expression Matching", "10. Regular Expression Matching\10. Regular Expression Matching.vcxproj", "{15BC39F5-6D00-45F9-9AAB-F6EE9164A939}"
EndProject
Project("{8BC9CEB8-8B4A-11D0-8D11-00A0C91BC942}") = "44. Wildcard Matching", "44. Wildcard Matching\44. Wildcard Matching.vcxproj", "{5C35FAEE-FE18-4788-B4A8-F7DFB77C0345}"
EndProject
Project("{8BC9CEB8-8B4A-11D0-8D11-00A0C91BC942}") = "14. Longest Common Prefix", "14. Longest Common Prefix\14. Longest Common Prefix.vcxproj", "{3F272CA4-6676-4DBA-9E16-C295A4EE2E90}"
EndProject
Project("{8BC9CEB8-8B4A-11D0-8D11-00A0C91BC942}") = "65. Valid Number", "65. Valid Number\65. Valid Number.vcxproj", "{229F3BCE-0911-462C-A187-C3FC58060420}"
EndProject
Project("{8BC9CEB8-8B4A-11D0-8D11-00A0C91BC942}") = "12. Integer to Roman", "12. Integer to Roman\12. Integer to Roman.vcxproj", "{4E5B616C-0233-4DC4-9E8A-63EEF7655478}"
EndProject
Project("{8BC9CEB8-8B4A-11D0-8D11-00A0C91BC942}") = "13. Roman to Integer", "13. Roman to Integer\13. Roman to Integer.vcxproj", "{AFAEC565-1E83-4F8E-B018-2D3EBE313E48}"
EndProject
Project("{8BC9CEB8-8B4A-11D0-8D11-00A0C91BC942}") = "38. Count and Say", "38. Count and Say\38. Count and Say.vcxproj", "{56A1E14E-23F2-451B-86A2-1835428B8598}"
EndProject
Project("{8BC9CEB8-8B4A-11D0-8D11-00A0C91BC942}") = "71. Simplify Path", "71. Simplify Path\71. Simplify Path.vcxproj", "{48466ADB-6B2E-4AD8-B49E-7C81C21E3FCF}"
EndProject
Project("{8BC9CEB8-8B4A-11D0-8D11-00A0C91BC942}") = "58. Length of Last Word", "58. Length of Last Word\58. Length of Last Word.vcxproj", "{39675B53-2D64-422B-9F87-067317F3401F}"
EndProject
Global
	GlobalSection(SolutionConfigurationPlatforms) = preSolution
		Debug|Win32 = Debug|Win32
		Release|Win32 = Release|Win32
	EndGlobalSection
	GlobalSection(ProjectConfigurationPlatforms) = postSolution
		{F9D8674F-7341-4A5E-B312-066F4BB4CC70}.Debug|Win32.ActiveCfg = Debug|Win32
		{F9D8674F-7341-4A5E-B312-066F4BB4CC70}.Debug|Win32.Build.0 = Debug|Win32
		{F9D8674F-7341-4A5E-B312-066F4BB4CC70}.Release|Win32.ActiveCfg = Release|Win32
		{F9D8674F-7341-4A5E-B312-066F4BB4CC70}.Release|Win32.Build.0 = Release|Win32
		{B1C2CCB6-8A9A-4591-A67F-7C75A0EEAA97}.Debug|Win32.ActiveCfg = Debug|Win32
		{B1C2CCB6-8A9A-4591-A67F-7C75A0EEAA97}.Debug|Win32.Build.0 = Debug|Win32
		{B1C2CCB6-8A9A-4591-A67F-7C75A0EEAA97}.Release|Win32.ActiveCfg = Release|Win32
		{B1C2CCB6-8A9A-4591-A67F-7C75A0EEAA97}.Release|Win32.Build.0 = Release|Win32
		{03617FC2-8812-4EF4-8170-CCD4AD4038B0}.Debug|Win32.ActiveCfg = Debug|Win32
		{03617FC2-8812-4EF4-8170-CCD4AD4038B0}.Debug|Win32.Build.0 = Debug|Win32
		{03617FC2-8812-4EF4-8170-CCD4AD4038B0}.Release|Win32.ActiveCfg = Release|Win32
		{03617FC2-8812-4EF4-8170-CCD4AD4038B0}.Release|Win32.Build.0 = Release|Win32
		{F53D8AFC-E219-4F6E-84B1-206FEC997830}.Debug|Win32.ActiveCfg = Debug|Win32
		{F53D8AFC-E219-4F6E-84B1-206FEC997830}.Debug|Win32.Build.0 = Debug|Win32
		{F53D8AFC-E219-4F6E-84B1-206FEC997830}.Release|Win32.ActiveCfg = Release|Win32
		{F53D8AFC-E219-4F6E-84B1-206FEC997830}.Release|Win32.Build.0 = Release|Win32
		{5640C00D-FBEF-4588-AEA6-602F989CAC86}.Debug|Win32.ActiveCfg = Debug|Win32
		{5640C00D-FBEF-4588-AEA6-602F989CAC86}.Debug|Win32.Build.0 = Debug|Win32
		{5640C00D-FBEF-4588-AEA6-602F989CAC86}.Release|Win32.ActiveCfg = Release|Win32
		{5640C00D-FBEF-4588-AEA6-602F989CAC86}.Release|Win32.Build.0 = Release|Win32
		{15BC39F5-6D00-45F9-9AAB-F6EE9164A939}.Debug|Win32.ActiveCfg = Debug|Win32
		{15BC39F5-6D00-45F9-9AAB-F6EE9164A939}.Debug|Win32.Build.0 = Debug|Win32
		{15BC39F5-6D00-45F9-9AAB-F6EE9164A939}.Release|Win32.ActiveCfg = Release|Win32
		{15BC39F5-6D00-45F9-9AAB-F6EE9164A939}.Release|Win32.Build.0 = Release|Win32
		{5C35FAEE-FE18-4788-B4A8-F7DFB77C0345}.Debug|Win32.ActiveCfg = Debug|Win32
		{5C35FAEE-FE18-4788-B4A8-F7DFB77C0345}.Debug|Win32.Build.0 = Debug|Win32
		{5C35FAEE-FE18-4788-B4A8-F7DFB77C0345}.Release|Win32.ActiveCfg = Release|Win32
		{5C35FAEE-FE18-4788-B4A8-F7DFB77C0345}.Release|Win32.Build.0 = Release|Win32
		{3F272CA4-6676-4DBA-9E16-C295A4EE2E90}.Debug|Win32.ActiveCfg = Debug|Win32
		{3F272CA4-6676-4DBA-9E16-C295A4EE2E90}.Debug|Win32.Build.0 = Debug|Win32
		{3F272CA4-6676-4DBA-9E16-C295A4EE2E90}.Release|Win32.ActiveCfg = Release|Win32
		{3F272CA4-6676-4DBA-9E16-C295A4EE2E90}.Release|Win32.Build.0 = Release|Win32
		{229F3BCE-0911-462C-A187-C3FC58060420}.Debug|Win32.ActiveCfg = Debug|Win32
		{229F3BCE-0911-462C-A187-C3FC58060420}.Debug|Win32.Build.0 = Debug|Win32
		{229F3BCE-0911-462C-A187-C3FC58060420}.Release|Win32.ActiveCfg = Release|Win32
		{229F3BCE-0911-462C-A187-C3FC58060420}.Release|Win32.Build.0 = Release|Win32
		{4E5B616C-0233-4DC4-9E8A-63EEF7655478}.Debug|Win32.ActiveCfg = Debug|Win32
		{4E5B616C-0233-4DC4-9E8A-63EEF7655478}.Debug|Win32.Build.0 = Debug|Win32
		{4E5B616C-0233-4DC4-9E8A-63EEF7655478}.Release|Win32.ActiveCfg = Release|Win32
		{4E5B616C-0233-4DC4-9E8A-63EEF7655478}.Release|Win32.Build.0 = Release|Win32
		{AFAEC565-1E83-4F8E-B018-2D3EBE313E48}.Debug|Win32.ActiveCfg = Debug|Win32
		{AFAEC565-1E83-4F8E-B018-2D3EBE313E48}.Debug|Win32.Build.0 = Debug|Win32
		{AFAEC565-1E83-4F8E-B018-2D3EBE313E48}.Release|Win32.ActiveCfg = Release|Win32
		{AFAEC565-1E83-4F8E-B018-2D3EBE313E48}.Release|Win32.Build.0 = Release|Win32
		{56A1E14E-23F2-451B-86A2-1835428B8598}.Debug|Win32.ActiveCfg = Debug|Win32
		{56A1E14E-23F2-451B-86A2-1835428B8598}.Debug|Win32.Build.0 = Debug|Win32
		{56A1E14E-23F2-451B-86A2-1835428B8598}.Release|Win32.ActiveCfg = Release|Win32
		{56A1E14E-23F2-451B-86A2-1835428B8598}.Release|Win32.Build.0 = Release|Win32
		{48466ADB-6B2E-4AD8-B49E-7C81C21E3FCF}.Debug|Win32.ActiveCfg = Debug|Win32
		{48466ADB-6B2E-4AD8-B49E-7C81C21E3FCF}.Debug|Win32.Build.0 = Debug|Win32
		{48466ADB-6B2E-4AD8-B49E-7C81C21E3FCF}.Release|Win32.ActiveCfg = Release|Win32
		{48466ADB-6B2E-4AD8-B49E-7C81C21E3FCF}.Release|Win32.Build.0 = Release|Win32
		{39675B53-2D64-422B-9F87-067317F3401F}.Debug|Win32.ActiveCfg = Debug|Win32
		{39675B53-2D64-422B-9F87-067317F3401F}.Debug|Win32.Build.0 = Debug|Win32
		{39675B53-2D64-422B-9F87-067317F3401F}.Release|Win32.ActiveCfg = Release|Win32
		{39675B53-2D64-422B-9F87-067317F3401F}.Release|Win32.Build.0 = Release|Win32
	EndGlobalSection
	GlobalSection(SolutionProperties) = preSolution
		HideSolutionNode = FALSE
	EndGlobalSection
EndGlobal
