
Microsoft Visual Studio Solution File, Format Version 12.00
# Visual Studio 2013
VisualStudioVersion = 12.0.30501.0
MinimumVisualStudioVersion = 10.0.40219.1
Project("{8BC9CEB8-8B4A-11D0-8D11-00A0C91BC942}") = "88. Merge Sorted Array", "..\88. Merge Sorted Array\88. Merge Sorted Array.vcxproj", "{0525B10E-F0AC-439F-93C6-AEA6275E2594}"
EndProject
Project("{8BC9CEB8-8B4A-11D0-8D11-00A0C91BC942}") = "21. Merge Two Sorted Lists", "..\21. Merge Two Sorted Lists\21. Merge Two Sorted Lists.vcxproj", "{F9764725-3DC7-4845-BE96-CE8114A1C919}"
EndProject
Project("{8BC9CEB8-8B4A-11D0-8D11-00A0C91BC942}") = "23. Merge k Sorted Lists", "23. Merge k Sorted Lists\23. Merge k Sorted Lists.vcxproj", "{F99FFE98-7F94-4A8C-91FB-EB7447F429E3}"
EndProject
Project("{8BC9CEB8-8B4A-11D0-8D11-00A0C91BC942}") = "147. Insertion Sort List", "147. Insertion Sort List\147. Insertion Sort List.vcxproj", "{8A058D41-E00C-4B04-8D16-14A24845398A}"
EndProject
Project("{8BC9CEB8-8B4A-11D0-8D11-00A0C91BC942}") = "148. Sort List", "148. Sort List\148. Sort List.vcxproj", "{82876B24-9CD6-42C4-A47C-045BD476AE90}"
EndProject
Project("{8BC9CEB8-8B4A-11D0-8D11-00A0C91BC942}") = "41. First Missing Positive", "41. First Missing Positive\41. First Missing Positive.vcxproj", "{29B16830-8F1F-4385-8F5D-42B0C549AEB7}"
EndProject
Project("{8BC9CEB8-8B4A-11D0-8D11-00A0C91BC942}") = "75. Sort Colors", "75. Sort Colors\75. Sort Colors.vcxproj", "{3E3EEE31-FE84-48B5-B7DA-6708D657CE9B}"
EndProject
Global
	GlobalSection(SolutionConfigurationPlatforms) = preSolution
		Debug|Win32 = Debug|Win32
		Release|Win32 = Release|Win32
	EndGlobalSection
	GlobalSection(ProjectConfigurationPlatforms) = postSolution
		{0525B10E-F0AC-439F-93C6-AEA6275E2594}.Debug|Win32.ActiveCfg = Debug|Win32
		{0525B10E-F0AC-439F-93C6-AEA6275E2594}.Debug|Win32.Build.0 = Debug|Win32
		{0525B10E-F0AC-439F-93C6-AEA6275E2594}.Release|Win32.ActiveCfg = Release|Win32
		{0525B10E-F0AC-439F-93C6-AEA6275E2594}.Release|Win32.Build.0 = Release|Win32
		{F9764725-3DC7-4845-BE96-CE8114A1C919}.Debug|Win32.ActiveCfg = Debug|Win32
		{F9764725-3DC7-4845-BE96-CE8114A1C919}.Debug|Win32.Build.0 = Debug|Win32
		{F9764725-3DC7-4845-BE96-CE8114A1C919}.Release|Win32.ActiveCfg = Release|Win32
		{F9764725-3DC7-4845-BE96-CE8114A1C919}.Release|Win32.Build.0 = Release|Win32
		{F99FFE98-7F94-4A8C-91FB-EB7447F429E3}.Debug|Win32.ActiveCfg = Debug|Win32
		{F99FFE98-7F94-4A8C-91FB-EB7447F429E3}.Debug|Win32.Build.0 = Debug|Win32
		{F99FFE98-7F94-4A8C-91FB-EB7447F429E3}.Release|Win32.ActiveCfg = Release|Win32
		{F99FFE98-7F94-4A8C-91FB-EB7447F429E3}.Release|Win32.Build.0 = Release|Win32
		{8A058D41-E00C-4B04-8D16-14A24845398A}.Debug|Win32.ActiveCfg = Debug|Win32
		{8A058D41-E00C-4B04-8D16-14A24845398A}.Debug|Win32.Build.0 = Debug|Win32
		{8A058D41-E00C-4B04-8D16-14A24845398A}.Release|Win32.ActiveCfg = Release|Win32
		{8A058D41-E00C-4B04-8D16-14A24845398A}.Release|Win32.Build.0 = Release|Win32
		{82876B24-9CD6-42C4-A47C-045BD476AE90}.Debug|Win32.ActiveCfg = Debug|Win32
		{82876B24-9CD6-42C4-A47C-045BD476AE90}.Debug|Win32.Build.0 = Debug|Win32
		{82876B24-9CD6-42C4-A47C-045BD476AE90}.Release|Win32.ActiveCfg = Release|Win32
		{82876B24-9CD6-42C4-A47C-045BD476AE90}.Release|Win32.Build.0 = Release|Win32
		{29B16830-8F1F-4385-8F5D-42B0C549AEB7}.Debug|Win32.ActiveCfg = Debug|Win32
		{29B16830-8F1F-4385-8F5D-42B0C549AEB7}.Debug|Win32.Build.0 = Debug|Win32
		{29B16830-8F1F-4385-8F5D-42B0C549AEB7}.Release|Win32.ActiveCfg = Release|Win32
		{29B16830-8F1F-4385-8F5D-42B0C549AEB7}.Release|Win32.Build.0 = Release|Win32
		{3E3EEE31-FE84-48B5-B7DA-6708D657CE9B}.Debug|Win32.ActiveCfg = Debug|Win32
		{3E3EEE31-FE84-48B5-B7DA-6708D657CE9B}.Debug|Win32.Build.0 = Debug|Win32
		{3E3EEE31-FE84-48B5-B7DA-6708D657CE9B}.Release|Win32.ActiveCfg = Release|Win32
		{3E3EEE31-FE84-48B5-B7DA-6708D657CE9B}.Release|Win32.Build.0 = Release|Win32
	EndGlobalSection
	GlobalSection(SolutionProperties) = preSolution
		HideSolutionNode = FALSE
	EndGlobalSection
EndGlobal
